
Microsoft Visual Studio Solution File, Format Version 12.00
# Visual Studio Version 16
VisualStudioVersion = 16.0.29709.97
MinimumVisualStudioVersion = 10.0.40219.1
Project("{FAE04EC0-301F-11D3-BF4B-00C04F79EFBC}") = "Journal", "Journal.csproj", "{E8179F90-5825-4C7A-98DE-762AE06DB151}"
EndProject
Global
	GlobalSection(SolutionConfigurationPlatforms) = preSolution
		Debug|Any CPU = Debug|Any CPU
		Release|Any CPU = Release|Any CPU
	EndGlobalSection
	GlobalSection(ProjectConfigurationPlatforms) = postSolution
		{E8179F90-5825-4C7A-98DE-762AE06DB151}.Debug|Any CPU.ActiveCfg = Debug|Any CPU
		{E8179F90-5825-4C7A-98DE-762AE06DB151}.Debug|Any CPU.Build.0 = Debug|Any CPU
		{E8179F90-5825-4C7A-98DE-762AE06DB151}.Release|Any CPU.ActiveCfg = Release|Any CPU
		{E8179F90-5825-4C7A-98DE-762AE06DB151}.Release|Any CPU.Build.0 = Release|Any CPU
	EndGlobalSection
	GlobalSection(SolutionProperties) = preSolution
		HideSolutionNode = FALSE
	EndGlobalSection
	GlobalSection(ExtensibilityGlobals) = postSolution
		SolutionGuid = {41FB5824-24DC-4BF7-868A-F5763DFB45FF}
	EndGlobalSection
EndGlobal
